
Microsoft Visual Studio Solution File, Format Version 12.00
# Visual Studio Version 16
VisualStudioVersion = 16.0.29102.190
MinimumVisualStudioVersion = 10.0.40219.1
Project("{FAE04EC0-301F-11D3-BF4B-00C04F79EFBC}") = "PropertySetValueBenchmark", "PropertySetValueBenchmark\PropertySetValueBenchmark.csproj", "{0FC092B9-762F-4FF6-8282-9E1BF879ED6D}"
EndProject
Global
	GlobalSection(SolutionConfigurationPlatforms) = preSolution
		Debug|Any CPU = Debug|Any CPU
		Release|Any CPU = Release|Any CPU
	EndGlobalSection
	GlobalSection(ProjectConfigurationPlatforms) = postSolution
		{0FC092B9-762F-4FF6-8282-9E1BF879ED6D}.Debug|Any CPU.ActiveCfg = Debug|Any CPU
		{0FC092B9-762F-4FF6-8282-9E1BF879ED6D}.Debug|Any CPU.Build.0 = Debug|Any CPU
		{0FC092B9-762F-4FF6-8282-9E1BF879ED6D}.Release|Any CPU.ActiveCfg = Release|Any CPU
		{0FC092B9-762F-4FF6-8282-9E1BF879ED6D}.Release|Any CPU.Build.0 = Release|Any CPU
	EndGlobalSection
	GlobalSection(SolutionProperties) = preSolution
		HideSolutionNode = FALSE
	EndGlobalSection
	GlobalSection(ExtensibilityGlobals) = postSolution
		SolutionGuid = {A81AB030-57A3-4893-8969-FD3B34CD9B21}
	EndGlobalSection
EndGlobal
